
Microsoft Visual Studio Solution File, Format Version 12.00
# Visual Studio Version 16
VisualStudioVersion = 16.0.31613.86
MinimumVisualStudioVersion = 10.0.40219.1
Project("{9A19103F-16F7-4668-BE54-9A1E7A4F7556}") = "Kexla", "Kexla\Kexla.csproj", "{91713CE4-286F-4390-ABC8-34ADDE77BD0D}"
EndProject
Project("{FAE04EC0-301F-11D3-BF4B-00C04F79EFBC}") = "KexlaExamples", "KexlaExamples\KexlaExamples.csproj", "{18CCB672-8D93-467C-A5FB-5D8D3BD9FEDE}"
EndProject
Project("{FAE04EC0-301F-11D3-BF4B-00C04F79EFBC}") = "Kexla.Samples", "Kexla.Samples\Kexla.Samples.csproj", "{A097938F-BE4E-4EB3-A286-8AF187C4A830}"
EndProject
Global
	GlobalSection(SolutionConfigurationPlatforms) = preSolution
		Debug|Any CPU = Debug|Any CPU
		Release|Any CPU = Release|Any CPU
	EndGlobalSection
	GlobalSection(ProjectConfigurationPlatforms) = postSolution
		{91713CE4-286F-4390-ABC8-34ADDE77BD0D}.Debug|Any CPU.ActiveCfg = Debug|Any CPU
		{91713CE4-286F-4390-ABC8-34ADDE77BD0D}.Debug|Any CPU.Build.0 = Debug|Any CPU
		{91713CE4-286F-4390-ABC8-34ADDE77BD0D}.Release|Any CPU.ActiveCfg = Release|Any CPU
		{91713CE4-286F-4390-ABC8-34ADDE77BD0D}.Release|Any CPU.Build.0 = Release|Any CPU
		{18CCB672-8D93-467C-A5FB-5D8D3BD9FEDE}.Debug|Any CPU.ActiveCfg = Debug|Any CPU
		{18CCB672-8D93-467C-A5FB-5D8D3BD9FEDE}.Debug|Any CPU.Build.0 = Debug|Any CPU
		{18CCB672-8D93-467C-A5FB-5D8D3BD9FEDE}.Release|Any CPU.ActiveCfg = Release|Any CPU
		{18CCB672-8D93-467C-A5FB-5D8D3BD9FEDE}.Release|Any CPU.Build.0 = Release|Any CPU
		{A097938F-BE4E-4EB3-A286-8AF187C4A830}.Debug|Any CPU.ActiveCfg = Debug|Any CPU
		{A097938F-BE4E-4EB3-A286-8AF187C4A830}.Debug|Any CPU.Build.0 = Debug|Any CPU
		{A097938F-BE4E-4EB3-A286-8AF187C4A830}.Release|Any CPU.ActiveCfg = Release|Any CPU
		{A097938F-BE4E-4EB3-A286-8AF187C4A830}.Release|Any CPU.Build.0 = Release|Any CPU
	EndGlobalSection
	GlobalSection(SolutionProperties) = preSolution
		HideSolutionNode = FALSE
	EndGlobalSection
	GlobalSection(ExtensibilityGlobals) = postSolution
		SolutionGuid = {38CED56B-5148-4D7C-BE44-B502A35C3880}
	EndGlobalSection
EndGlobal
