
Microsoft Visual Studio Solution File, Format Version 12.00
# Visual Studio 2013
VisualStudioVersion = 12.0.40629.0
MinimumVisualStudioVersion = 10.0.40219.1
Project("{FAE04EC0-301F-11D3-BF4B-00C04F79EFBC}") = "Kexla", "Kexla\Kexla.csproj", "{91713CE4-286F-4390-ABC8-34ADDE77BD0D}"
EndProject
Project("{FAE04EC0-301F-11D3-BF4B-00C04F79EFBC}") = "KexlaExamples", "KexlaExamples\KexlaExamples.csproj", "{18CCB672-8D93-467C-A5FB-5D8D3BD9FEDE}"
EndProject
Global
	GlobalSection(SolutionConfigurationPlatforms) = preSolution
		Debug|Any CPU = Debug|Any CPU
		Release|Any CPU = Release|Any CPU
	EndGlobalSection
	GlobalSection(ProjectConfigurationPlatforms) = postSolution
		{91713CE4-286F-4390-ABC8-34ADDE77BD0D}.Debug|Any CPU.ActiveCfg = Debug|Any CPU
		{91713CE4-286F-4390-ABC8-34ADDE77BD0D}.Debug|Any CPU.Build.0 = Debug|Any CPU
		{91713CE4-286F-4390-ABC8-34ADDE77BD0D}.Release|Any CPU.ActiveCfg = Release|Any CPU
		{91713CE4-286F-4390-ABC8-34ADDE77BD0D}.Release|Any CPU.Build.0 = Release|Any CPU
		{18CCB672-8D93-467C-A5FB-5D8D3BD9FEDE}.Debug|Any CPU.ActiveCfg = Debug|Any CPU
		{18CCB672-8D93-467C-A5FB-5D8D3BD9FEDE}.Debug|Any CPU.Build.0 = Debug|Any CPU
		{18CCB672-8D93-467C-A5FB-5D8D3BD9FEDE}.Release|Any CPU.ActiveCfg = Release|Any CPU
		{18CCB672-8D93-467C-A5FB-5D8D3BD9FEDE}.Release|Any CPU.Build.0 = Release|Any CPU
	EndGlobalSection
	GlobalSection(SolutionProperties) = preSolution
		HideSolutionNode = FALSE
	EndGlobalSection
EndGlobal
